
Microsoft Visual Studio Solution File, Format Version 12.00
# Visual Studio Version 17
VisualStudioVersion = 17.3.32804.467
MinimumVisualStudioVersion = 10.0.40219.1
Project("{FAE04EC0-301F-11D3-BF4B-00C04F79EFBC}") = "Sep30_mng", "Sep30_mng\Sep30_mng.csproj", "{F2B9C308-0B45-4AA1-8C90-721BFB97A670}"
	ProjectSection(ProjectDependencies) = postProject
		{DD85F4C5-5589-4BFA-820E-F3104E3ED950} = {DD85F4C5-5589-4BFA-820E-F3104E3ED950}
	EndProjectSection
EndProject
Project("{FAE04EC0-301F-11D3-BF4B-00C04F79EFBC}") = "BAL_library", "BAL_library\BAL_library.csproj", "{DD85F4C5-5589-4BFA-820E-F3104E3ED950}"
EndProject
Global
	GlobalSection(SolutionConfigurationPlatforms) = preSolution
		Debug|Any CPU = Debug|Any CPU
		Release|Any CPU = Release|Any CPU
	EndGlobalSection
	GlobalSection(ProjectConfigurationPlatforms) = postSolution
		{F2B9C308-0B45-4AA1-8C90-721BFB97A670}.Debug|Any CPU.ActiveCfg = Debug|Any CPU
		{F2B9C308-0B45-4AA1-8C90-721BFB97A670}.Debug|Any CPU.Build.0 = Debug|Any CPU
		{F2B9C308-0B45-4AA1-8C90-721BFB97A670}.Release|Any CPU.ActiveCfg = Release|Any CPU
		{F2B9C308-0B45-4AA1-8C90-721BFB97A670}.Release|Any CPU.Build.0 = Release|Any CPU
		{DD85F4C5-5589-4BFA-820E-F3104E3ED950}.Debug|Any CPU.ActiveCfg = Debug|Any CPU
		{DD85F4C5-5589-4BFA-820E-F3104E3ED950}.Debug|Any CPU.Build.0 = Debug|Any CPU
		{DD85F4C5-5589-4BFA-820E-F3104E3ED950}.Release|Any CPU.ActiveCfg = Release|Any CPU
		{DD85F4C5-5589-4BFA-820E-F3104E3ED950}.Release|Any CPU.Build.0 = Release|Any CPU
	EndGlobalSection
	GlobalSection(SolutionProperties) = preSolution
		HideSolutionNode = FALSE
	EndGlobalSection
	GlobalSection(ExtensibilityGlobals) = postSolution
		SolutionGuid = {C89BCF13-7A08-44F5-81FC-266D3AF348D5}
	EndGlobalSection
EndGlobal
